
Microsoft Visual Studio Solution File, Format Version 12.00
# Visual Studio Version 17
VisualStudioVersion = 17.5.33424.131
MinimumVisualStudioVersion = 10.0.40219.1
Project("{FAE04EC0-301F-11D3-BF4B-00C04F79EFBC}") = "eUseControl.Web", "eUseControl.Web\eUseControl.Web.csproj", "{FF151404-BA6B-4490-8C47-B229AB6248AE}"
EndProject
Project("{FAE04EC0-301F-11D3-BF4B-00C04F79EFBC}") = "eUseControl.BudinessLogic", "eUseControl.BudinessLogic\eUseControl.BudinessLogic.csproj", "{EE27DBDA-4613-4849-BB99-58021EFB4E2D}"
EndProject
Project("{FAE04EC0-301F-11D3-BF4B-00C04F79EFBC}") = "eUseControl.BusinessLogic", "eUseControl.BusinessLogic\eUseControl.BusinessLogic.csproj", "{38152D1D-AA8C-4055-BB79-7363CF6445E8}"
EndProject
Project("{FAE04EC0-301F-11D3-BF4B-00C04F79EFBC}") = "eUseControl.Domain", "eUseControl.Domain\eUseControl.Domain.csproj", "{3CCFE9C5-307C-49CA-A8B7-750075D14A41}"
EndProject
Project("{FAE04EC0-301F-11D3-BF4B-00C04F79EFBC}") = "eUseControl.Helpers", "eUseControl.Helpers\eUseControl.Helpers.csproj", "{F2F7A971-E485-432A-B14A-17A9F41E1D39}"
EndProject
Global
	GlobalSection(SolutionConfigurationPlatforms) = preSolution
		Debug|Any CPU = Debug|Any CPU
		Release|Any CPU = Release|Any CPU
	EndGlobalSection
	GlobalSection(ProjectConfigurationPlatforms) = postSolution
		{FF151404-BA6B-4490-8C47-B229AB6248AE}.Debug|Any CPU.ActiveCfg = Debug|Any CPU
		{FF151404-BA6B-4490-8C47-B229AB6248AE}.Debug|Any CPU.Build.0 = Debug|Any CPU
		{FF151404-BA6B-4490-8C47-B229AB6248AE}.Release|Any CPU.ActiveCfg = Release|Any CPU
		{FF151404-BA6B-4490-8C47-B229AB6248AE}.Release|Any CPU.Build.0 = Release|Any CPU
		{EE27DBDA-4613-4849-BB99-58021EFB4E2D}.Debug|Any CPU.ActiveCfg = Debug|Any CPU
		{EE27DBDA-4613-4849-BB99-58021EFB4E2D}.Debug|Any CPU.Build.0 = Debug|Any CPU
		{EE27DBDA-4613-4849-BB99-58021EFB4E2D}.Release|Any CPU.ActiveCfg = Release|Any CPU
		{EE27DBDA-4613-4849-BB99-58021EFB4E2D}.Release|Any CPU.Build.0 = Release|Any CPU
		{38152D1D-AA8C-4055-BB79-7363CF6445E8}.Debug|Any CPU.ActiveCfg = Debug|Any CPU
		{38152D1D-AA8C-4055-BB79-7363CF6445E8}.Debug|Any CPU.Build.0 = Debug|Any CPU
		{38152D1D-AA8C-4055-BB79-7363CF6445E8}.Release|Any CPU.ActiveCfg = Release|Any CPU
		{38152D1D-AA8C-4055-BB79-7363CF6445E8}.Release|Any CPU.Build.0 = Release|Any CPU
		{3CCFE9C5-307C-49CA-A8B7-750075D14A41}.Debug|Any CPU.ActiveCfg = Debug|Any CPU
		{3CCFE9C5-307C-49CA-A8B7-750075D14A41}.Debug|Any CPU.Build.0 = Debug|Any CPU
		{3CCFE9C5-307C-49CA-A8B7-750075D14A41}.Release|Any CPU.ActiveCfg = Release|Any CPU
		{3CCFE9C5-307C-49CA-A8B7-750075D14A41}.Release|Any CPU.Build.0 = Release|Any CPU
		{F2F7A971-E485-432A-B14A-17A9F41E1D39}.Debug|Any CPU.ActiveCfg = Debug|Any CPU
		{F2F7A971-E485-432A-B14A-17A9F41E1D39}.Debug|Any CPU.Build.0 = Debug|Any CPU
		{F2F7A971-E485-432A-B14A-17A9F41E1D39}.Release|Any CPU.ActiveCfg = Release|Any CPU
		{F2F7A971-E485-432A-B14A-17A9F41E1D39}.Release|Any CPU.Build.0 = Release|Any CPU
	EndGlobalSection
	GlobalSection(SolutionProperties) = preSolution
		HideSolutionNode = FALSE
	EndGlobalSection
	GlobalSection(ExtensibilityGlobals) = postSolution
		SolutionGuid = {C5489563-3C6C-49CE-A7FD-395F205DA83F}
	EndGlobalSection
EndGlobal
